{"version":4,"terraform_version":"1.11.2","serial":4,"lineage":"38dd36c0-8a67-613d-8a0d-2ca5e2ae69c9","outputs":{"aks_cluster_name":{"value":"sockshop-aks-46604","type":"string"},"resource_group_name":{"value":"sockshop-rg-46604","type":"string"}},"resources":[{"mode":"managed","type":"azurerm_resource_group","name":"rg","provider":"provider[\"registry.opentofu.org/hashicorp/azurerm\"]","instances":[{"schema_version":0,"attributes":{"id":"/subscriptions/0cf732a9-a0c0-4ac0-bbeb-7e08af9f75ee/resourceGroups/sockshop-rg-46604","location":"switzerlandnorth","managed_by":"","name":"sockshop-rg-46604","tags":null,"timeouts":null},"sensitive_attributes":[],"private":"eyJlMmJmYjczMC1lY2FhLTExZTYtOGY4OC0zNDM2M2JjN2M0YzAiOnsiY3JlYXRlIjo1NDAwMDAwMDAwMDAwLCJkZWxldGUiOjU0MDAwMDAwMDAwMDAsInJlYWQiOjMwMDAwMDAwMDAwMCwidXBkYXRlIjo1NDAwMDAwMDAwMDAwfX0=","dependencies":["random_integer.suffix"]}]},{"mode":"managed","type":"random_integer","name":"suffix","provider":"provider[\"registry.opentofu.org/hashicorp/random\"]","instances":[{"schema_version":0,"attributes":{"id":"46604","keepers":null,"max":99999,"min":10000,"result":46604,"seed":null},"sensitive_attributes":[]}]}],"check_results":null}
